
Microsoft Visual Studio Solution File, Format Version 12.00
# Visual Studio 14
VisualStudioVersion = 14.0.25420.1
MinimumVisualStudioVersion = 10.0.40219.1
Project("{FAE04EC0-301F-11D3-BF4B-00C04F79EFBC}") = "App4", "App4\App4\App4.csproj", "{C04C01EE-A7E3-4388-B2ED-4C528BB20146}"
EndProject
Project("{FAE04EC0-301F-11D3-BF4B-00C04F79EFBC}") = "App4.Droid", "App4\App4.Droid\App4.Droid.csproj", "{F36706E0-1A47-4764-8A87-F8B1EC3362F3}"
EndProject
Project("{FAE04EC0-301F-11D3-BF4B-00C04F79EFBC}") = "App4.iOS", "App4\App4.iOS\App4.iOS.csproj", "{803E7F98-03BC-4748-8145-DA0E02C64E3A}"
EndProject
Project("{FAE04EC0-301F-11D3-BF4B-00C04F79EFBC}") = "UITest1", "UITest1\UITest1.csproj", "{1E13C554-7737-4706-9BEB-1A246EE650A1}"
EndProject
Global
	GlobalSection(SolutionConfigurationPlatforms) = preSolution
		Ad-Hoc|Any CPU = Ad-Hoc|Any CPU
		Ad-Hoc|iPhone = Ad-Hoc|iPhone
		Ad-Hoc|iPhoneSimulator = Ad-Hoc|iPhoneSimulator
		AppStore|Any CPU = AppStore|Any CPU
		AppStore|iPhone = AppStore|iPhone
		AppStore|iPhoneSimulator = AppStore|iPhoneSimulator
		Debug|Any CPU = Debug|Any CPU
		Debug|iPhone = Debug|iPhone
		Debug|iPhoneSimulator = Debug|iPhoneSimulator
		Release|Any CPU = Release|Any CPU
		Release|iPhone = Release|iPhone
		Release|iPhoneSimulator = Release|iPhoneSimulator
	EndGlobalSection
	GlobalSection(ProjectConfigurationPlatforms) = postSolution
		{C04C01EE-A7E3-4388-B2ED-4C528BB20146}.Ad-Hoc|Any CPU.ActiveCfg = Release|Any CPU
		{C04C01EE-A7E3-4388-B2ED-4C528BB20146}.Ad-Hoc|Any CPU.Build.0 = Release|Any CPU
		{C04C01EE-A7E3-4388-B2ED-4C528BB20146}.Ad-Hoc|iPhone.ActiveCfg = Release|Any CPU
		{C04C01EE-A7E3-4388-B2ED-4C528BB20146}.Ad-Hoc|iPhone.Build.0 = Release|Any CPU
		{C04C01EE-A7E3-4388-B2ED-4C528BB20146}.Ad-Hoc|iPhoneSimulator.ActiveCfg = Release|Any CPU
		{C04C01EE-A7E3-4388-B2ED-4C528BB20146}.Ad-Hoc|iPhoneSimulator.Build.0 = Release|Any CPU
		{C04C01EE-A7E3-4388-B2ED-4C528BB20146}.AppStore|Any CPU.ActiveCfg = Release|Any CPU
		{C04C01EE-A7E3-4388-B2ED-4C528BB20146}.AppStore|Any CPU.Build.0 = Release|Any CPU
		{C04C01EE-A7E3-4388-B2ED-4C528BB20146}.AppStore|iPhone.ActiveCfg = Release|Any CPU
		{C04C01EE-A7E3-4388-B2ED-4C528BB20146}.AppStore|iPhone.Build.0 = Release|Any CPU
		{C04C01EE-A7E3-4388-B2ED-4C528BB20146}.AppStore|iPhoneSimulator.ActiveCfg = Release|Any CPU
		{C04C01EE-A7E3-4388-B2ED-4C528BB20146}.AppStore|iPhoneSimulator.Build.0 = Release|Any CPU
		{C04C01EE-A7E3-4388-B2ED-4C528BB20146}.Debug|Any CPU.ActiveCfg = Debug|Any CPU
		{C04C01EE-A7E3-4388-B2ED-4C528BB20146}.Debug|Any CPU.Build.0 = Debug|Any CPU
		{C04C01EE-A7E3-4388-B2ED-4C528BB20146}.Debug|iPhone.ActiveCfg = Debug|Any CPU
		{C04C01EE-A7E3-4388-B2ED-4C528BB20146}.Debug|iPhone.Build.0 = Debug|Any CPU
		{C04C01EE-A7E3-4388-B2ED-4C528BB20146}.Debug|iPhoneSimulator.ActiveCfg = Debug|Any CPU
		{C04C01EE-A7E3-4388-B2ED-4C528BB20146}.Debug|iPhoneSimulator.Build.0 = Debug|Any CPU
		{C04C01EE-A7E3-4388-B2ED-4C528BB20146}.Release|Any CPU.ActiveCfg = Release|Any CPU
		{C04C01EE-A7E3-4388-B2ED-4C528BB20146}.Release|Any CPU.Build.0 = Release|Any CPU
		{C04C01EE-A7E3-4388-B2ED-4C528BB20146}.Release|iPhone.ActiveCfg = Release|Any CPU
		{C04C01EE-A7E3-4388-B2ED-4C528BB20146}.Release|iPhone.Build.0 = Release|Any CPU
		{C04C01EE-A7E3-4388-B2ED-4C528BB20146}.Release|iPhoneSimulator.ActiveCfg = Release|Any CPU
		{C04C01EE-A7E3-4388-B2ED-4C528BB20146}.Release|iPhoneSimulator.Build.0 = Release|Any CPU
		{F36706E0-1A47-4764-8A87-F8B1EC3362F3}.Ad-Hoc|Any CPU.ActiveCfg = Release|Any CPU
		{F36706E0-1A47-4764-8A87-F8B1EC3362F3}.Ad-Hoc|Any CPU.Build.0 = Release|Any CPU
		{F36706E0-1A47-4764-8A87-F8B1EC3362F3}.Ad-Hoc|Any CPU.Deploy.0 = Release|Any CPU
		{F36706E0-1A47-4764-8A87-F8B1EC3362F3}.Ad-Hoc|iPhone.ActiveCfg = Release|Any CPU
		{F36706E0-1A47-4764-8A87-F8B1EC3362F3}.Ad-Hoc|iPhone.Build.0 = Release|Any CPU
		{F36706E0-1A47-4764-8A87-F8B1EC3362F3}.Ad-Hoc|iPhone.Deploy.0 = Release|Any CPU
		{F36706E0-1A47-4764-8A87-F8B1EC3362F3}.Ad-Hoc|iPhoneSimulator.ActiveCfg = Release|Any CPU
		{F36706E0-1A47-4764-8A87-F8B1EC3362F3}.Ad-Hoc|iPhoneSimulator.Build.0 = Release|Any CPU
		{F36706E0-1A47-4764-8A87-F8B1EC3362F3}.Ad-Hoc|iPhoneSimulator.Deploy.0 = Release|Any CPU
		{F36706E0-1A47-4764-8A87-F8B1EC3362F3}.AppStore|Any CPU.ActiveCfg = Release|Any CPU
		{F36706E0-1A47-4764-8A87-F8B1EC3362F3}.AppStore|Any CPU.Build.0 = Release|Any CPU
		{F36706E0-1A47-4764-8A87-F8B1EC3362F3}.AppStore|Any CPU.Deploy.0 = Release|Any CPU
		{F36706E0-1A47-4764-8A87-F8B1EC3362F3}.AppStore|iPhone.ActiveCfg = Release|Any CPU
		{F36706E0-1A47-4764-8A87-F8B1EC3362F3}.AppStore|iPhone.Build.0 = Release|Any CPU
		{F36706E0-1A47-4764-8A87-F8B1EC3362F3}.AppStore|iPhone.Deploy.0 = Release|Any CPU
		{F36706E0-1A47-4764-8A87-F8B1EC3362F3}.AppStore|iPhoneSimulator.ActiveCfg = Release|Any CPU
		{F36706E0-1A47-4764-8A87-F8B1EC3362F3}.AppStore|iPhoneSimulator.Build.0 = Release|Any CPU
		{F36706E0-1A47-4764-8A87-F8B1EC3362F3}.AppStore|iPhoneSimulator.Deploy.0 = Release|Any CPU
		{F36706E0-1A47-4764-8A87-F8B1EC3362F3}.Debug|Any CPU.ActiveCfg = Debug|Any CPU
		{F36706E0-1A47-4764-8A87-F8B1EC3362F3}.Debug|Any CPU.Build.0 = Debug|Any CPU
		{F36706E0-1A47-4764-8A87-F8B1EC3362F3}.Debug|Any CPU.Deploy.0 = Debug|Any CPU
		{F36706E0-1A47-4764-8A87-F8B1EC3362F3}.Debug|iPhone.ActiveCfg = Debug|Any CPU
		{F36706E0-1A47-4764-8A87-F8B1EC3362F3}.Debug|iPhone.Build.0 = Debug|Any CPU
		{F36706E0-1A47-4764-8A87-F8B1EC3362F3}.Debug|iPhone.Deploy.0 = Debug|Any CPU
		{F36706E0-1A47-4764-8A87-F8B1EC3362F3}.Debug|iPhoneSimulator.ActiveCfg = Debug|Any CPU
		{F36706E0-1A47-4764-8A87-F8B1EC3362F3}.Debug|iPhoneSimulator.Build.0 = Debug|Any CPU
		{F36706E0-1A47-4764-8A87-F8B1EC3362F3}.Debug|iPhoneSimulator.Deploy.0 = Debug|Any CPU
		{F36706E0-1A47-4764-8A87-F8B1EC3362F3}.Release|Any CPU.ActiveCfg = Release|Any CPU
		{F36706E0-1A47-4764-8A87-F8B1EC3362F3}.Release|Any CPU.Build.0 = Release|Any CPU
		{F36706E0-1A47-4764-8A87-F8B1EC3362F3}.Release|Any CPU.Deploy.0 = Release|Any CPU
		{F36706E0-1A47-4764-8A87-F8B1EC3362F3}.Release|iPhone.ActiveCfg = Release|Any CPU
		{F36706E0-1A47-4764-8A87-F8B1EC3362F3}.Release|iPhone.Build.0 = Release|Any CPU
		{F36706E0-1A47-4764-8A87-F8B1EC3362F3}.Release|iPhone.Deploy.0 = Release|Any CPU
		{F36706E0-1A47-4764-8A87-F8B1EC3362F3}.Release|iPhoneSimulator.ActiveCfg = Release|Any CPU
		{F36706E0-1A47-4764-8A87-F8B1EC3362F3}.Release|iPhoneSimulator.Build.0 = Release|Any CPU
		{F36706E0-1A47-4764-8A87-F8B1EC3362F3}.Release|iPhoneSimulator.Deploy.0 = Release|Any CPU
		{803E7F98-03BC-4748-8145-DA0E02C64E3A}.Ad-Hoc|Any CPU.ActiveCfg = Ad-Hoc|iPhone
		{803E7F98-03BC-4748-8145-DA0E02C64E3A}.Ad-Hoc|iPhone.ActiveCfg = Ad-Hoc|iPhone
		{803E7F98-03BC-4748-8145-DA0E02C64E3A}.Ad-Hoc|iPhone.Build.0 = Ad-Hoc|iPhone
		{803E7F98-03BC-4748-8145-DA0E02C64E3A}.Ad-Hoc|iPhoneSimulator.ActiveCfg = Ad-Hoc|iPhoneSimulator
		{803E7F98-03BC-4748-8145-DA0E02C64E3A}.Ad-Hoc|iPhoneSimulator.Build.0 = Ad-Hoc|iPhoneSimulator
		{803E7F98-03BC-4748-8145-DA0E02C64E3A}.AppStore|Any CPU.ActiveCfg = AppStore|iPhone
		{803E7F98-03BC-4748-8145-DA0E02C64E3A}.AppStore|iPhone.ActiveCfg = AppStore|iPhone
		{803E7F98-03BC-4748-8145-DA0E02C64E3A}.AppStore|iPhone.Build.0 = AppStore|iPhone
		{803E7F98-03BC-4748-8145-DA0E02C64E3A}.AppStore|iPhoneSimulator.ActiveCfg = AppStore|iPhoneSimulator
		{803E7F98-03BC-4748-8145-DA0E02C64E3A}.AppStore|iPhoneSimulator.Build.0 = AppStore|iPhoneSimulator
		{803E7F98-03BC-4748-8145-DA0E02C64E3A}.Debug|Any CPU.ActiveCfg = Debug|iPhone
		{803E7F98-03BC-4748-8145-DA0E02C64E3A}.Debug|iPhone.ActiveCfg = Debug|iPhone
		{803E7F98-03BC-4748-8145-DA0E02C64E3A}.Debug|iPhone.Build.0 = Debug|iPhone
		{803E7F98-03BC-4748-8145-DA0E02C64E3A}.Debug|iPhoneSimulator.ActiveCfg = Debug|iPhoneSimulator
		{803E7F98-03BC-4748-8145-DA0E02C64E3A}.Debug|iPhoneSimulator.Build.0 = Debug|iPhoneSimulator
		{803E7F98-03BC-4748-8145-DA0E02C64E3A}.Release|Any CPU.ActiveCfg = Release|iPhone
		{803E7F98-03BC-4748-8145-DA0E02C64E3A}.Release|iPhone.ActiveCfg = Release|iPhone
		{803E7F98-03BC-4748-8145-DA0E02C64E3A}.Release|iPhone.Build.0 = Release|iPhone
		{803E7F98-03BC-4748-8145-DA0E02C64E3A}.Release|iPhoneSimulator.ActiveCfg = Release|iPhoneSimulator
		{803E7F98-03BC-4748-8145-DA0E02C64E3A}.Release|iPhoneSimulator.Build.0 = Release|iPhoneSimulator
		{1E13C554-7737-4706-9BEB-1A246EE650A1}.Ad-Hoc|Any CPU.ActiveCfg = Release|Any CPU
		{1E13C554-7737-4706-9BEB-1A246EE650A1}.Ad-Hoc|Any CPU.Build.0 = Release|Any CPU
		{1E13C554-7737-4706-9BEB-1A246EE650A1}.Ad-Hoc|iPhone.ActiveCfg = Release|Any CPU
		{1E13C554-7737-4706-9BEB-1A246EE650A1}.Ad-Hoc|iPhone.Build.0 = Release|Any CPU
		{1E13C554-7737-4706-9BEB-1A246EE650A1}.Ad-Hoc|iPhoneSimulator.ActiveCfg = Release|Any CPU
		{1E13C554-7737-4706-9BEB-1A246EE650A1}.Ad-Hoc|iPhoneSimulator.Build.0 = Release|Any CPU
		{1E13C554-7737-4706-9BEB-1A246EE650A1}.AppStore|Any CPU.ActiveCfg = Release|Any CPU
		{1E13C554-7737-4706-9BEB-1A246EE650A1}.AppStore|Any CPU.Build.0 = Release|Any CPU
		{1E13C554-7737-4706-9BEB-1A246EE650A1}.AppStore|iPhone.ActiveCfg = Release|Any CPU
		{1E13C554-7737-4706-9BEB-1A246EE650A1}.AppStore|iPhone.Build.0 = Release|Any CPU
		{1E13C554-7737-4706-9BEB-1A246EE650A1}.AppStore|iPhoneSimulator.ActiveCfg = Release|Any CPU
		{1E13C554-7737-4706-9BEB-1A246EE650A1}.AppStore|iPhoneSimulator.Build.0 = Release|Any CPU
		{1E13C554-7737-4706-9BEB-1A246EE650A1}.Debug|Any CPU.ActiveCfg = Debug|Any CPU
		{1E13C554-7737-4706-9BEB-1A246EE650A1}.Debug|Any CPU.Build.0 = Debug|Any CPU
		{1E13C554-7737-4706-9BEB-1A246EE650A1}.Debug|iPhone.ActiveCfg = Debug|Any CPU
		{1E13C554-7737-4706-9BEB-1A246EE650A1}.Debug|iPhone.Build.0 = Debug|Any CPU
		{1E13C554-7737-4706-9BEB-1A246EE650A1}.Debug|iPhoneSimulator.ActiveCfg = Debug|Any CPU
		{1E13C554-7737-4706-9BEB-1A246EE650A1}.Debug|iPhoneSimulator.Build.0 = Debug|Any CPU
		{1E13C554-7737-4706-9BEB-1A246EE650A1}.Release|Any CPU.ActiveCfg = Release|Any CPU
		{1E13C554-7737-4706-9BEB-1A246EE650A1}.Release|Any CPU.Build.0 = Release|Any CPU
		{1E13C554-7737-4706-9BEB-1A246EE650A1}.Release|iPhone.ActiveCfg = Release|Any CPU
		{1E13C554-7737-4706-9BEB-1A246EE650A1}.Release|iPhone.Build.0 = Release|Any CPU
		{1E13C554-7737-4706-9BEB-1A246EE650A1}.Release|iPhoneSimulator.ActiveCfg = Release|Any CPU
		{1E13C554-7737-4706-9BEB-1A246EE650A1}.Release|iPhoneSimulator.Build.0 = Release|Any CPU
	EndGlobalSection
	GlobalSection(SolutionProperties) = preSolution
		HideSolutionNode = FALSE
	EndGlobalSection
EndGlobal
